
Microsoft Visual Studio Solution File, Format Version 12.00
# Visual Studio Version 17
VisualStudioVersion = 17.9.34902.65
MinimumVisualStudioVersion = 10.0.40219.1
Project("{9A19103F-16F7-4668-BE54-9A1E7A4F7556}") = "N8.Web", "web\N8.Web.csproj", "{FE817668-86BA-4B18-ABC6-335C430F027E}"
EndProject
Project("{9A19103F-16F7-4668-BE54-9A1E7A4F7556}") = "N8.API", "api\N8.API.csproj", "{635A64C1-31DA-4E1F-8525-DCD47DD490C5}"
EndProject
Project("{9A19103F-16F7-4668-BE54-9A1E7A4F7556}") = "N8.Shared", "shared\N8.Shared.csproj", "{0CBFA644-670E-493E-B0A3-E8B52D8862B6}"
EndProject
Project("{9A19103F-16F7-4668-BE54-9A1E7A4F7556}") = "N8.Worker", "worker\N8.Worker.csproj", "{22E775B9-9DE9-46C4-8322-4B26ECDBDFB1}"
EndProject
Project("{9A19103F-16F7-4668-BE54-9A1E7A4F7556}") = "N8.Job", "jobs\dotnet-console\N8.Job.csproj", "{F779AB85-D7E3-4880-B5EC-1DAA80EE2409}"
EndProject
Project("{9A19103F-16F7-4668-BE54-9A1E7A4F7556}") = "N8.Aspire.AppHost", ".aspire\N8.Aspire.AppHost\N8.Aspire.AppHost.csproj", "{BE0FC404-32B4-4FE8-9DBB-C2A8A94DB868}"
EndProject
Project("{9A19103F-16F7-4668-BE54-9A1E7A4F7556}") = "N8.Aspire.ServiceDefaults", ".aspire\N8.Aspire.ServiceDefaults\N8.Aspire.ServiceDefaults.csproj", "{507206CB-AE03-4AF6-BA3B-DD728876ED07}"
EndProject
Global
	GlobalSection(SolutionConfigurationPlatforms) = preSolution
		Debug|Any CPU = Debug|Any CPU
		Release|Any CPU = Release|Any CPU
	EndGlobalSection
	GlobalSection(ProjectConfigurationPlatforms) = postSolution
		{FE817668-86BA-4B18-ABC6-335C430F027E}.Debug|Any CPU.ActiveCfg = Debug|Any CPU
		{FE817668-86BA-4B18-ABC6-335C430F027E}.Debug|Any CPU.Build.0 = Debug|Any CPU
		{FE817668-86BA-4B18-ABC6-335C430F027E}.Release|Any CPU.ActiveCfg = Release|Any CPU
		{FE817668-86BA-4B18-ABC6-335C430F027E}.Release|Any CPU.Build.0 = Release|Any CPU
		{635A64C1-31DA-4E1F-8525-DCD47DD490C5}.Debug|Any CPU.ActiveCfg = Debug|Any CPU
		{635A64C1-31DA-4E1F-8525-DCD47DD490C5}.Debug|Any CPU.Build.0 = Debug|Any CPU
		{635A64C1-31DA-4E1F-8525-DCD47DD490C5}.Release|Any CPU.ActiveCfg = Release|Any CPU
		{635A64C1-31DA-4E1F-8525-DCD47DD490C5}.Release|Any CPU.Build.0 = Release|Any CPU
		{0CBFA644-670E-493E-B0A3-E8B52D8862B6}.Debug|Any CPU.ActiveCfg = Debug|Any CPU
		{0CBFA644-670E-493E-B0A3-E8B52D8862B6}.Debug|Any CPU.Build.0 = Debug|Any CPU
		{0CBFA644-670E-493E-B0A3-E8B52D8862B6}.Release|Any CPU.ActiveCfg = Release|Any CPU
		{0CBFA644-670E-493E-B0A3-E8B52D8862B6}.Release|Any CPU.Build.0 = Release|Any CPU
		{22E775B9-9DE9-46C4-8322-4B26ECDBDFB1}.Debug|Any CPU.ActiveCfg = Debug|Any CPU
		{22E775B9-9DE9-46C4-8322-4B26ECDBDFB1}.Debug|Any CPU.Build.0 = Debug|Any CPU
		{22E775B9-9DE9-46C4-8322-4B26ECDBDFB1}.Release|Any CPU.ActiveCfg = Release|Any CPU
		{22E775B9-9DE9-46C4-8322-4B26ECDBDFB1}.Release|Any CPU.Build.0 = Release|Any CPU
		{F779AB85-D7E3-4880-B5EC-1DAA80EE2409}.Debug|Any CPU.ActiveCfg = Debug|Any CPU
		{F779AB85-D7E3-4880-B5EC-1DAA80EE2409}.Debug|Any CPU.Build.0 = Debug|Any CPU
		{F779AB85-D7E3-4880-B5EC-1DAA80EE2409}.Release|Any CPU.ActiveCfg = Release|Any CPU
		{F779AB85-D7E3-4880-B5EC-1DAA80EE2409}.Release|Any CPU.Build.0 = Release|Any CPU
		{BE0FC404-32B4-4FE8-9DBB-C2A8A94DB868}.Debug|Any CPU.ActiveCfg = Debug|Any CPU
		{BE0FC404-32B4-4FE8-9DBB-C2A8A94DB868}.Debug|Any CPU.Build.0 = Debug|Any CPU
		{BE0FC404-32B4-4FE8-9DBB-C2A8A94DB868}.Release|Any CPU.ActiveCfg = Release|Any CPU
		{BE0FC404-32B4-4FE8-9DBB-C2A8A94DB868}.Release|Any CPU.Build.0 = Release|Any CPU
		{507206CB-AE03-4AF6-BA3B-DD728876ED07}.Debug|Any CPU.ActiveCfg = Debug|Any CPU
		{507206CB-AE03-4AF6-BA3B-DD728876ED07}.Debug|Any CPU.Build.0 = Debug|Any CPU
		{507206CB-AE03-4AF6-BA3B-DD728876ED07}.Release|Any CPU.ActiveCfg = Release|Any CPU
		{507206CB-AE03-4AF6-BA3B-DD728876ED07}.Release|Any CPU.Build.0 = Release|Any CPU
	EndGlobalSection
	GlobalSection(SolutionProperties) = preSolution
		HideSolutionNode = FALSE
	EndGlobalSection
	GlobalSection(ExtensibilityGlobals) = postSolution
		SolutionGuid = {4B59F911-A7C7-47BE-8742-B650C1205FCB}
	EndGlobalSection
EndGlobal
